// !$*UTF8*$!
{
	archiveVersion = 1;
	classes = {
	};
	objectVersion = 50;
	objects = {

/* Begin PBXBuildFile section */
		500933382683E40400C7D81B /* RecipeBuilderModel.xcdatamodeld in Sources */ = {isa = PBXBuildFile; fileRef = 500933362683E40400C7D81B /* RecipeBuilderModel.xcdatamodeld */; };
		500933392683E40400C7D81B /* RecipeBuilderModel.xcdatamodeld in Sources */ = {isa = PBXBuildFile; fileRef = 500933362683E40400C7D81B /* RecipeBuilderModel.xcdatamodeld */; };
		50093344268400DC00C7D81B /* NewRecipeForm.swift in Sources */ = {isa = PBXBuildFile; fileRef = 50093343268400DC00C7D81B /* NewRecipeForm.swift */; };
		5009334C268409AE00C7D81B /* Recipe+CoreDataClass.swift in Sources */ = {isa = PBXBuildFile; fileRef = 5009334A268409AE00C7D81B /* Recipe+CoreDataClass.swift */; };
		5009334D268409AE00C7D81B /* Recipe+CoreDataClass.swift in Sources */ = {isa = PBXBuildFile; fileRef = 5009334A268409AE00C7D81B /* Recipe+CoreDataClass.swift */; };
		5009334E268409AE00C7D81B /* Recipe+CoreDataProperties.swift in Sources */ = {isa = PBXBuildFile; fileRef = 5009334B268409AE00C7D81B /* Recipe+CoreDataProperties.swift */; };
		5009334F268409AE00C7D81B /* Recipe+CoreDataProperties.swift in Sources */ = {isa = PBXBuildFile; fileRef = 5009334B268409AE00C7D81B /* Recipe+CoreDataProperties.swift */; };
		501E60B1268BC2CB0090D052 /* LaunchLogo.swift in Sources */ = {isa = PBXBuildFile; fileRef = 50FCB1502686C56800EB4378 /* LaunchLogo.swift */; };
		501E60B4268BC34D0090D052 /* LaunchScreen.swift in Sources */ = {isa = PBXBuildFile; fileRef = 501E60B3268BC34D0090D052 /* LaunchScreen.swift */; };
		501E60B6268BC3630090D052 /* RecipesView.swift in Sources */ = {isa = PBXBuildFile; fileRef = 501E60B5268BC3630090D052 /* RecipesView.swift */; };
		501E60B8268BC36E0090D052 /* RecipeGuide.swift in Sources */ = {isa = PBXBuildFile; fileRef = 501E60B7268BC36E0090D052 /* RecipeGuide.swift */; };
		501E60BA268BC3790090D052 /* NewRecipeForm.swift in Sources */ = {isa = PBXBuildFile; fileRef = 501E60B9268BC3790090D052 /* NewRecipeForm.swift */; };
		504C446826851AE0003B9B9E /* FormHeader.swift in Sources */ = {isa = PBXBuildFile; fileRef = 504C446726851AE0003B9B9E /* FormHeader.swift */; };
		504C446926851AE0003B9B9E /* FormHeader.swift in Sources */ = {isa = PBXBuildFile; fileRef = 504C446726851AE0003B9B9E /* FormHeader.swift */; };
		5051E52D2656F7E00081E77F /* Recipe_BuilderApp.swift in Sources */ = {isa = PBXBuildFile; fileRef = 5051E51A2656F7DE0081E77F /* Recipe_BuilderApp.swift */; };
		5051E52E2656F7E00081E77F /* Recipe_BuilderApp.swift in Sources */ = {isa = PBXBuildFile; fileRef = 5051E51A2656F7DE0081E77F /* Recipe_BuilderApp.swift */; };
		5051E5312656F7E00081E77F /* Assets.xcassets in Resources */ = {isa = PBXBuildFile; fileRef = 5051E51C2656F7DF0081E77F /* Assets.xcassets */; };
		5051E5322656F7E00081E77F /* Assets.xcassets in Resources */ = {isa = PBXBuildFile; fileRef = 5051E51C2656F7DF0081E77F /* Assets.xcassets */; };
		5066DC7E2666E82B00CE6176 /* PreviewData.swift in Sources */ = {isa = PBXBuildFile; fileRef = 5066DC7D2666E82A00CE6176 /* PreviewData.swift */; };
		5066DC7F2666E82B00CE6176 /* PreviewData.swift in Sources */ = {isa = PBXBuildFile; fileRef = 5066DC7D2666E82A00CE6176 /* PreviewData.swift */; };
		508E6F2A268E8C54000DFB44 /* LaunchScreen.swift in Sources */ = {isa = PBXBuildFile; fileRef = 501E60B3268BC34D0090D052 /* LaunchScreen.swift */; };
		50DB69592685B3FD0011E078 /* Persistence.swift in Sources */ = {isa = PBXBuildFile; fileRef = 50DB69582685B3FD0011E078 /* Persistence.swift */; };
		50DB695A2685B3FD0011E078 /* Persistence.swift in Sources */ = {isa = PBXBuildFile; fileRef = 50DB69582685B3FD0011E078 /* Persistence.swift */; };
		50E0A51926598C5A009E34ED /* RecipesView.swift in Sources */ = {isa = PBXBuildFile; fileRef = 50E0A51826598C5A009E34ED /* RecipesView.swift */; };
		50E0A51E26598EB8009E34ED /* RecipeRow.swift in Sources */ = {isa = PBXBuildFile; fileRef = 50E0A51D26598EB8009E34ED /* RecipeRow.swift */; };
		50E0A51F26598EB8009E34ED /* RecipeRow.swift in Sources */ = {isa = PBXBuildFile; fileRef = 50E0A51D26598EB8009E34ED /* RecipeRow.swift */; };
		50F43FA026614B9E009ADA9C /* RecipeGuide.swift in Sources */ = {isa = PBXBuildFile; fileRef = 50F43F9F26614B9E009ADA9C /* RecipeGuide.swift */; };
		50F43FAE26615539009ADA9C /* RecipePhoto.swift in Sources */ = {isa = PBXBuildFile; fileRef = 50F43FAD26615538009ADA9C /* RecipePhoto.swift */; };
		50F43FAF26615539009ADA9C /* RecipePhoto.swift in Sources */ = {isa = PBXBuildFile; fileRef = 50F43FAD26615538009ADA9C /* RecipePhoto.swift */; };
		50F43FB3266169A2009ADA9C /* IngredientsView.swift in Sources */ = {isa = PBXBuildFile; fileRef = 50F43FB2266169A2009ADA9C /* IngredientsView.swift */; };
		50F43FB4266169A2009ADA9C /* IngredientsView.swift in Sources */ = {isa = PBXBuildFile; fileRef = 50F43FB2266169A2009ADA9C /* IngredientsView.swift */; };
		50F43FB8266169CE009ADA9C /* InstructionsView.swift in Sources */ = {isa = PBXBuildFile; fileRef = 50F43FB7266169CE009ADA9C /* InstructionsView.swift */; };
		50F43FB9266169CE009ADA9C /* InstructionsView.swift in Sources */ = {isa = PBXBuildFile; fileRef = 50F43FB7266169CE009ADA9C /* InstructionsView.swift */; };
		50FC8CD1269018F800FA5566 /* LaunchButton.swift in Sources */ = {isa = PBXBuildFile; fileRef = 50FC8CD0269018F800FA5566 /* LaunchButton.swift */; };
		50FC8CD2269018F800FA5566 /* LaunchButton.swift in Sources */ = {isa = PBXBuildFile; fileRef = 50FC8CD0269018F800FA5566 /* LaunchButton.swift */; };
		50FC8CD42692040A00FA5566 /* LaunchTitle.swift in Sources */ = {isa = PBXBuildFile; fileRef = 50FC8CD32692040A00FA5566 /* LaunchTitle.swift */; };
		50FC8CD52692040A00FA5566 /* LaunchTitle.swift in Sources */ = {isa = PBXBuildFile; fileRef = 50FC8CD32692040A00FA5566 /* LaunchTitle.swift */; };
		50FC8CD7269205D000FA5566 /* Logo.swift in Sources */ = {isa = PBXBuildFile; fileRef = 50FC8CD6269205D000FA5566 /* Logo.swift */; };
		50FC8CD8269205D000FA5566 /* Logo.swift in Sources */ = {isa = PBXBuildFile; fileRef = 50FC8CD6269205D000FA5566 /* Logo.swift */; };
		50FC8CDA269206B500FA5566 /* LaunchMessage.swift in Sources */ = {isa = PBXBuildFile; fileRef = 50FC8CD9269206B500FA5566 /* LaunchMessage.swift */; };
		50FC8CDB269206B500FA5566 /* LaunchMessage.swift in Sources */ = {isa = PBXBuildFile; fileRef = 50FC8CD9269206B500FA5566 /* LaunchMessage.swift */; };
		50FC8CDD269213D900FA5566 /* RecipeGuideHeading.swift in Sources */ = {isa = PBXBuildFile; fileRef = 50FC8CDC269213D900FA5566 /* RecipeGuideHeading.swift */; };
		50FC8CDE269213D900FA5566 /* RecipeGuideHeading.swift in Sources */ = {isa = PBXBuildFile; fileRef = 50FC8CDC269213D900FA5566 /* RecipeGuideHeading.swift */; };
		50FC8CDF2692157A00FA5566 /* RecipesView.swift in Sources */ = {isa = PBXBuildFile; fileRef = 50E0A51826598C5A009E34ED /* RecipesView.swift */; };
		50FC8CE02692157A00FA5566 /* NewRecipeForm.swift in Sources */ = {isa = PBXBuildFile; fileRef = 50093343268400DC00C7D81B /* NewRecipeForm.swift */; };
		50FC8CE12692157A00FA5566 /* RecipeGuide.swift in Sources */ = {isa = PBXBuildFile; fileRef = 50F43F9F26614B9E009ADA9C /* RecipeGuide.swift */; };
		50FCB1512686C56800EB4378 /* LaunchLogo.swift in Sources */ = {isa = PBXBuildFile; fileRef = 50FCB1502686C56800EB4378 /* LaunchLogo.swift */; };
/* End PBXBuildFile section */

/* Begin PBXFileReference section */
		500933372683E40400C7D81B /* RecipeBuilderModel.xcdatamodel */ = {isa = PBXFileReference; lastKnownFileType = wrapper.xcdatamodel; path = RecipeBuilderModel.xcdatamodel; sourceTree = "<group>"; };
		50093343268400DC00C7D81B /* NewRecipeForm.swift */ = {isa = PBXFileReference; lastKnownFileType = sourcecode.swift; path = NewRecipeForm.swift; sourceTree = "<group>"; };
		5009334A268409AE00C7D81B /* Recipe+CoreDataClass.swift */ = {isa = PBXFileReference; lastKnownFileType = sourcecode.swift; path = "Recipe+CoreDataClass.swift"; sourceTree = "<group>"; };
		5009334B268409AE00C7D81B /* Recipe+CoreDataProperties.swift */ = {isa = PBXFileReference; lastKnownFileType = sourcecode.swift; path = "Recipe+CoreDataProperties.swift"; sourceTree = "<group>"; };
		501E60B3268BC34D0090D052 /* LaunchScreen.swift */ = {isa = PBXFileReference; lastKnownFileType = sourcecode.swift; path = LaunchScreen.swift; sourceTree = "<group>"; };
		501E60B5268BC3630090D052 /* RecipesView.swift */ = {isa = PBXFileReference; lastKnownFileType = sourcecode.swift; path = RecipesView.swift; sourceTree = "<group>"; };
		501E60B7268BC36E0090D052 /* RecipeGuide.swift */ = {isa = PBXFileReference; lastKnownFileType = sourcecode.swift; path = RecipeGuide.swift; sourceTree = "<group>"; };
		501E60B9268BC3790090D052 /* NewRecipeForm.swift */ = {isa = PBXFileReference; lastKnownFileType = sourcecode.swift; path = NewRecipeForm.swift; sourceTree = "<group>"; };
		504C446726851AE0003B9B9E /* FormHeader.swift */ = {isa = PBXFileReference; lastKnownFileType = sourcecode.swift; path = FormHeader.swift; sourceTree = "<group>"; };
		5051E51A2656F7DE0081E77F /* Recipe_BuilderApp.swift */ = {isa = PBXFileReference; lastKnownFileType = sourcecode.swift; path = Recipe_BuilderApp.swift; sourceTree = "<group>"; };
		5051E51C2656F7DF0081E77F /* Assets.xcassets */ = {isa = PBXFileReference; lastKnownFileType = folder.assetcatalog; path = Assets.xcassets; sourceTree = "<group>"; };
		5051E5212656F7DF0081E77F /* Recipe-Builder.app */ = {isa = PBXFileReference; explicitFileType = wrapper.application; includeInIndex = 0; path = "Recipe-Builder.app"; sourceTree = BUILT_PRODUCTS_DIR; };
		5051E5242656F7DF0081E77F /* Info.plist */ = {isa = PBXFileReference; lastKnownFileType = text.plist.xml; path = Info.plist; sourceTree = "<group>"; };
		5051E5292656F7E00081E77F /* Recipe-Builder.app */ = {isa = PBXFileReference; explicitFileType = wrapper.application; includeInIndex = 0; path = "Recipe-Builder.app"; sourceTree = BUILT_PRODUCTS_DIR; };
		5051E52B2656F7E00081E77F /* Info.plist */ = {isa = PBXFileReference; lastKnownFileType = text.plist.xml; path = Info.plist; sourceTree = "<group>"; };
		5051E52C2656F7E00081E77F /* macOS.entitlements */ = {isa = PBXFileReference; lastKnownFileType = text.plist.entitlements; path = macOS.entitlements; sourceTree = "<group>"; };
		5066DC7D2666E82A00CE6176 /* PreviewData.swift */ = {isa = PBXFileReference; lastKnownFileType = sourcecode.swift; path = PreviewData.swift; sourceTree = "<group>"; };
		50DB69582685B3FD0011E078 /* Persistence.swift */ = {isa = PBXFileReference; lastKnownFileType = sourcecode.swift; path = Persistence.swift; sourceTree = "<group>"; };
		50E0A51826598C5A009E34ED /* RecipesView.swift */ = {isa = PBXFileReference; lastKnownFileType = sourcecode.swift; path = RecipesView.swift; sourceTree = "<group>"; };
		50E0A51D26598EB8009E34ED /* RecipeRow.swift */ = {isa = PBXFileReference; lastKnownFileType = sourcecode.swift; path = RecipeRow.swift; sourceTree = "<group>"; };
		50F43F9F26614B9E009ADA9C /* RecipeGuide.swift */ = {isa = PBXFileReference; lastKnownFileType = sourcecode.swift; path = RecipeGuide.swift; sourceTree = "<group>"; };
		50F43FAD26615538009ADA9C /* RecipePhoto.swift */ = {isa = PBXFileReference; lastKnownFileType = sourcecode.swift; path = RecipePhoto.swift; sourceTree = "<group>"; };
		50F43FB2266169A2009ADA9C /* IngredientsView.swift */ = {isa = PBXFileReference; lastKnownFileType = sourcecode.swift; path = IngredientsView.swift; sourceTree = "<group>"; };
		50F43FB7266169CE009ADA9C /* InstructionsView.swift */ = {isa = PBXFileReference; lastKnownFileType = sourcecode.swift; path = InstructionsView.swift; sourceTree = "<group>"; };
		50FC8CD0269018F800FA5566 /* LaunchButton.swift */ = {isa = PBXFileReference; lastKnownFileType = sourcecode.swift; path = LaunchButton.swift; sourceTree = "<group>"; };
		50FC8CD32692040A00FA5566 /* LaunchTitle.swift */ = {isa = PBXFileReference; lastKnownFileType = sourcecode.swift; path = LaunchTitle.swift; sourceTree = "<group>"; };
		50FC8CD6269205D000FA5566 /* Logo.swift */ = {isa = PBXFileReference; lastKnownFileType = sourcecode.swift; path = Logo.swift; sourceTree = "<group>"; };
		50FC8CD9269206B500FA5566 /* LaunchMessage.swift */ = {isa = PBXFileReference; lastKnownFileType = sourcecode.swift; path = LaunchMessage.swift; sourceTree = "<group>"; };
		50FC8CDC269213D900FA5566 /* RecipeGuideHeading.swift */ = {isa = PBXFileReference; lastKnownFileType = sourcecode.swift; path = RecipeGuideHeading.swift; sourceTree = "<group>"; };
		50FCB1502686C56800EB4378 /* LaunchLogo.swift */ = {isa = PBXFileReference; lastKnownFileType = sourcecode.swift; path = LaunchLogo.swift; sourceTree = "<group>"; };
/* End PBXFileReference section */

/* Begin PBXFrameworksBuildPhase section */
		5051E51E2656F7DF0081E77F /* Frameworks */ = {
			isa = PBXFrameworksBuildPhase;
			buildActionMask = 2147483647;
			files = (
			);
			runOnlyForDeploymentPostprocessing = 0;
		};
		5051E5262656F7E00081E77F /* Frameworks */ = {
			isa = PBXFrameworksBuildPhase;
			buildActionMask = 2147483647;
			files = (
			);
			runOnlyForDeploymentPostprocessing = 0;
		};
/* End PBXFrameworksBuildPhase section */

/* Begin PBXGroup section */
		501E60B0268BC2810090D052 /* iOS Views */ = {
			isa = PBXGroup;
			children = (
			);
			path = "iOS Views";
			sourceTree = "<group>";
		};
		501E60B2268BC30C0090D052 /* macOS Views */ = {
			isa = PBXGroup;
			children = (
				501E60B5268BC3630090D052 /* RecipesView.swift */,
				501E60B7268BC36E0090D052 /* RecipeGuide.swift */,
				501E60B9268BC3790090D052 /* NewRecipeForm.swift */,
			);
			path = "macOS Views";
			sourceTree = "<group>";
		};
		5051E5142656F7DE0081E77F = {
			isa = PBXGroup;
			children = (
				5051E5192656F7DE0081E77F /* Shared */,
				5051E5232656F7DF0081E77F /* iOS */,
				5051E52A2656F7E00081E77F /* macOS */,
				5051E5222656F7DF0081E77F /* Products */,
			);
			sourceTree = "<group>";
		};
		5051E5192656F7DE0081E77F /* Shared */ = {
			isa = PBXGroup;
			children = (
				5051E51A2656F7DE0081E77F /* Recipe_BuilderApp.swift */,
				501E60B3268BC34D0090D052 /* LaunchScreen.swift */,
				501E60B2268BC30C0090D052 /* macOS Views */,
				501E60B0268BC2810090D052 /* iOS Views */,
				5066DC7C2666E81000CE6176 /* Data */,
				50F43F9B265C15AE009ADA9C /* Models */,
				50F43F9A265C15A8009ADA9C /* Views */,
				5051E51C2656F7DF0081E77F /* Assets.xcassets */,
				50F43F9C265C15BE009ADA9C /* Resources */,
			);
			path = Shared;
			sourceTree = "<group>";
		};
		5051E5222656F7DF0081E77F /* Products */ = {
			isa = PBXGroup;
			children = (
				5051E5212656F7DF0081E77F /* Recipe-Builder.app */,
				5051E5292656F7E00081E77F /* Recipe-Builder.app */,
			);
			name = Products;
			sourceTree = "<group>";
		};
		5051E5232656F7DF0081E77F /* iOS */ = {
			isa = PBXGroup;
			children = (
				5051E5242656F7DF0081E77F /* Info.plist */,
			);
			path = iOS;
			sourceTree = "<group>";
		};
		5051E52A2656F7E00081E77F /* macOS */ = {
			isa = PBXGroup;
			children = (
				5051E52B2656F7E00081E77F /* Info.plist */,
				5051E52C2656F7E00081E77F /* macOS.entitlements */,
			);
			path = macOS;
			sourceTree = "<group>";
		};
		5066DC7C2666E81000CE6176 /* Data */ = {
			isa = PBXGroup;
			children = (
				5066DC7D2666E82A00CE6176 /* PreviewData.swift */,
				50DB69582685B3FD0011E078 /* Persistence.swift */,
			);
			path = Data;
			sourceTree = "<group>";
		};
		50F43F9A265C15A8009ADA9C /* Views */ = {
			isa = PBXGroup;
			children = (
				50FCB14F2686C52500EB4378 /* Asset Views */,
				50FCB14D2686C4C300EB4378 /* LaunchScreen Views */,
				50FCB14E2686C4EC00EB4378 /* RecipeViews */,
			);
			path = Views;
			sourceTree = "<group>";
		};
		50F43F9B265C15AE009ADA9C /* Models */ = {
			isa = PBXGroup;
			children = (
				5009334A268409AE00C7D81B /* Recipe+CoreDataClass.swift */,
				5009334B268409AE00C7D81B /* Recipe+CoreDataProperties.swift */,
				500933362683E40400C7D81B /* RecipeBuilderModel.xcdatamodeld */,
			);
			path = Models;
			sourceTree = "<group>";
		};
		50F43F9C265C15BE009ADA9C /* Resources */ = {
			isa = PBXGroup;
			children = (
			);
			path = Resources;
			sourceTree = "<group>";
		};
		50FCB14D2686C4C300EB4378 /* LaunchScreen Views */ = {
			isa = PBXGroup;
			children = (
				50FC8CD0269018F800FA5566 /* LaunchButton.swift */,
				50FCB1502686C56800EB4378 /* LaunchLogo.swift */,
				50FC8CD32692040A00FA5566 /* LaunchTitle.swift */,
				50FC8CD9269206B500FA5566 /* LaunchMessage.swift */,
			);
			path = "LaunchScreen Views";
			sourceTree = "<group>";
		};
		50FCB14E2686C4EC00EB4378 /* RecipeViews */ = {
			isa = PBXGroup;
			children = (
				50E0A51826598C5A009E34ED /* RecipesView.swift */,
				50F43F9F26614B9E009ADA9C /* RecipeGuide.swift */,
				50093343268400DC00C7D81B /* NewRecipeForm.swift */,
				50FC8CDC269213D900FA5566 /* RecipeGuideHeading.swift */,
				50E0A51D26598EB8009E34ED /* RecipeRow.swift */,
				50F43FAD26615538009ADA9C /* RecipePhoto.swift */,
			);
			path = RecipeViews;
			sourceTree = "<group>";
		};
		50FCB14F2686C52500EB4378 /* Asset Views */ = {
			isa = PBXGroup;
			children = (
				50F43FB2266169A2009ADA9C /* IngredientsView.swift */,
				50F43FB7266169CE009ADA9C /* InstructionsView.swift */,
				504C446726851AE0003B9B9E /* FormHeader.swift */,
				50FC8CD6269205D000FA5566 /* Logo.swift */,
			);
			path = "Asset Views";
			sourceTree = "<group>";
		};
/* End PBXGroup section */

/* Begin PBXNativeTarget section */
		5051E5202656F7DF0081E77F /* Recipe-Builder (iOS) */ = {
			isa = PBXNativeTarget;
			buildConfigurationList = 5051E5352656F7E00081E77F /* Build configuration list for PBXNativeTarget "Recipe-Builder (iOS)" */;
			buildPhases = (
				5051E51D2656F7DF0081E77F /* Sources */,
				5051E51E2656F7DF0081E77F /* Frameworks */,
				5051E51F2656F7DF0081E77F /* Resources */,
			);
			buildRules = (
			);
			dependencies = (
			);
			name = "Recipe-Builder (iOS)";
			productName = "Recipe-Builder (iOS)";
			productReference = 5051E5212656F7DF0081E77F /* Recipe-Builder.app */;
			productType = "com.apple.product-type.application";
		};
		5051E5282656F7E00081E77F /* Recipe-Builder (macOS) */ = {
			isa = PBXNativeTarget;
			buildConfigurationList = 5051E5382656F7E00081E77F /* Build configuration list for PBXNativeTarget "Recipe-Builder (macOS)" */;
			buildPhases = (
				5051E5252656F7E00081E77F /* Sources */,
				5051E5262656F7E00081E77F /* Frameworks */,
				5051E5272656F7E00081E77F /* Resources */,
			);
			buildRules = (
			);
			dependencies = (
			);
			name = "Recipe-Builder (macOS)";
			productName = "Recipe-Builder (macOS)";
			productReference = 5051E5292656F7E00081E77F /* Recipe-Builder.app */;
			productType = "com.apple.product-type.application";
		};
/* End PBXNativeTarget section */

/* Begin PBXProject section */
		5051E5152656F7DE0081E77F /* Project object */ = {
			isa = PBXProject;
			attributes = {
				LastSwiftUpdateCheck = 1240;
				LastUpgradeCheck = 1240;
				TargetAttributes = {
					5051E5202656F7DF0081E77F = {
						CreatedOnToolsVersion = 12.4;
					};
					5051E5282656F7E00081E77F = {
						CreatedOnToolsVersion = 12.4;
					};
				};
			};
			buildConfigurationList = 5051E5182656F7DE0081E77F /* Build configuration list for PBXProject "Recipe-Builder" */;
			compatibilityVersion = "Xcode 9.3";
			developmentRegion = en;
			hasScannedForEncodings = 0;
			knownRegions = (
				en,
				Base,
			);
			mainGroup = 5051E5142656F7DE0081E77F;
			productRefGroup = 5051E5222656F7DF0081E77F /* Products */;
			projectDirPath = "";
			projectRoot = "";
			targets = (
				5051E5202656F7DF0081E77F /* Recipe-Builder (iOS) */,
				5051E5282656F7E00081E77F /* Recipe-Builder (macOS) */,
			);
		};
/* End PBXProject section */

/* Begin PBXResourcesBuildPhase section */
		5051E51F2656F7DF0081E77F /* Resources */ = {
			isa = PBXResourcesBuildPhase;
			buildActionMask = 2147483647;
			files = (
				5051E5312656F7E00081E77F /* Assets.xcassets in Resources */,
			);
			runOnlyForDeploymentPostprocessing = 0;
		};
		5051E5272656F7E00081E77F /* Resources */ = {
			isa = PBXResourcesBuildPhase;
			buildActionMask = 2147483647;
			files = (
				5051E5322656F7E00081E77F /* Assets.xcassets in Resources */,
			);
			runOnlyForDeploymentPostprocessing = 0;
		};
/* End PBXResourcesBuildPhase section */

/* Begin PBXSourcesBuildPhase section */
		5051E51D2656F7DF0081E77F /* Sources */ = {
			isa = PBXSourcesBuildPhase;
			buildActionMask = 2147483647;
			files = (
				504C446826851AE0003B9B9E /* FormHeader.swift in Sources */,
				50FC8CDD269213D900FA5566 /* RecipeGuideHeading.swift in Sources */,
				50F43FB8266169CE009ADA9C /* InstructionsView.swift in Sources */,
				50FC8CD7269205D000FA5566 /* Logo.swift in Sources */,
				50FC8CD1269018F800FA5566 /* LaunchButton.swift in Sources */,
				50FC8CD42692040A00FA5566 /* LaunchTitle.swift in Sources */,
				508E6F2A268E8C54000DFB44 /* LaunchScreen.swift in Sources */,
				50FC8CDA269206B500FA5566 /* LaunchMessage.swift in Sources */,
				50F43FB3266169A2009ADA9C /* IngredientsView.swift in Sources */,
				50F43FAE26615539009ADA9C /* RecipePhoto.swift in Sources */,
				5009334C268409AE00C7D81B /* Recipe+CoreDataClass.swift in Sources */,
				50F43FA026614B9E009ADA9C /* RecipeGuide.swift in Sources */,
				50E0A51E26598EB8009E34ED /* RecipeRow.swift in Sources */,
				50DB69592685B3FD0011E078 /* Persistence.swift in Sources */,
				50E0A51926598C5A009E34ED /* RecipesView.swift in Sources */,
				500933382683E40400C7D81B /* RecipeBuilderModel.xcdatamodeld in Sources */,
				50093344268400DC00C7D81B /* NewRecipeForm.swift in Sources */,
				5051E52D2656F7E00081E77F /* Recipe_BuilderApp.swift in Sources */,
				5009334E268409AE00C7D81B /* Recipe+CoreDataProperties.swift in Sources */,
				5066DC7E2666E82B00CE6176 /* PreviewData.swift in Sources */,
				50FCB1512686C56800EB4378 /* LaunchLogo.swift in Sources */,
			);
			runOnlyForDeploymentPostprocessing = 0;
		};
		5051E5252656F7E00081E77F /* Sources */ = {
			isa = PBXSourcesBuildPhase;
			buildActionMask = 2147483647;
			files = (
				501E60B4268BC34D0090D052 /* LaunchScreen.swift in Sources */,
				50FC8CDE269213D900FA5566 /* RecipeGuideHeading.swift in Sources */,
				50FC8CE12692157A00FA5566 /* RecipeGuide.swift in Sources */,
				504C446926851AE0003B9B9E /* FormHeader.swift in Sources */,
				50FC8CD8269205D000FA5566 /* Logo.swift in Sources */,
				50FC8CD2269018F800FA5566 /* LaunchButton.swift in Sources */,
				50FC8CD52692040A00FA5566 /* LaunchTitle.swift in Sources */,
				501E60B8268BC36E0090D052 /* RecipeGuide.swift in Sources */,
				50FC8CDB269206B500FA5566 /* LaunchMessage.swift in Sources */,
				50F43FB9266169CE009ADA9C /* InstructionsView.swift in Sources */,
				50F43FB4266169A2009ADA9C /* IngredientsView.swift in Sources */,
				501E60BA268BC3790090D052 /* NewRecipeForm.swift in Sources */,
				50F43FAF26615539009ADA9C /* RecipePhoto.swift in Sources */,
				5009334D268409AE00C7D81B /* Recipe+CoreDataClass.swift in Sources */,
				501E60B6268BC3630090D052 /* RecipesView.swift in Sources */,
				50E0A51F26598EB8009E34ED /* RecipeRow.swift in Sources */,
				501E60B1268BC2CB0090D052 /* LaunchLogo.swift in Sources */,
				50DB695A2685B3FD0011E078 /* Persistence.swift in Sources */,
				500933392683E40400C7D81B /* RecipeBuilderModel.xcdatamodeld in Sources */,
				5051E52E2656F7E00081E77F /* Recipe_BuilderApp.swift in Sources */,
				50FC8CE02692157A00FA5566 /* NewRecipeForm.swift in Sources */,
				5009334F268409AE00C7D81B /* Recipe+CoreDataProperties.swift in Sources */,
				50FC8CDF2692157A00FA5566 /* RecipesView.swift in Sources */,
				5066DC7F2666E82B00CE6176 /* PreviewData.swift in Sources */,
			);
			runOnlyForDeploymentPostprocessing = 0;
		};
/* End PBXSourcesBuildPhase section */

/* Begin XCBuildConfiguration section */
		5051E5332656F7E00081E77F /* Debug */ = {
			isa = XCBuildConfiguration;
			buildSettings = {
				ALWAYS_SEARCH_USER_PATHS = NO;
				CLANG_ANALYZER_NONNULL = YES;
				CLANG_ANALYZER_NUMBER_OBJECT_CONVERSION = YES_AGGRESSIVE;
				CLANG_CXX_LANGUAGE_STANDARD = "gnu++14";
				CLANG_CXX_LIBRARY = "libc++";
				CLANG_ENABLE_MODULES = YES;
				CLANG_ENABLE_OBJC_ARC = YES;
				CLANG_ENABLE_OBJC_WEAK = YES;
				CLANG_WARN_BLOCK_CAPTURE_AUTORELEASING = YES;
				CLANG_WARN_BOOL_CONVERSION = YES;
				CLANG_WARN_COMMA = YES;
				CLANG_WARN_CONSTANT_CONVERSION = YES;
				CLANG_WARN_DEPRECATED_OBJC_IMPLEMENTATIONS = YES;
				CLANG_WARN_DIRECT_OBJC_ISA_USAGE = YES_ERROR;
				CLANG_WARN_DOCUMENTATION_COMMENTS = YES;
				CLANG_WARN_EMPTY_BODY = YES;
				CLANG_WARN_ENUM_CONVERSION = YES;
				CLANG_WARN_INFINITE_RECURSION = YES;
				CLANG_WARN_INT_CONVERSION = YES;
				CLANG_WARN_NON_LITERAL_NULL_CONVERSION = YES;
				CLANG_WARN_OBJC_IMPLICIT_RETAIN_SELF = YES;
				CLANG_WARN_OBJC_LITERAL_CONVERSION = YES;
				CLANG_WARN_OBJC_ROOT_CLASS = YES_ERROR;
				CLANG_WARN_QUOTED_INCLUDE_IN_FRAMEWORK_HEADER = YES;
				CLANG_WARN_RANGE_LOOP_ANALYSIS = YES;
				CLANG_WARN_STRICT_PROTOTYPES = YES;
				CLANG_WARN_SUSPICIOUS_MOVE = YES;
				CLANG_WARN_UNGUARDED_AVAILABILITY = YES_AGGRESSIVE;
				CLANG_WARN_UNREACHABLE_CODE = YES;
				CLANG_WARN__DUPLICATE_METHOD_MATCH = YES;
				COPY_PHASE_STRIP = NO;
				DEBUG_INFORMATION_FORMAT = dwarf;
				ENABLE_STRICT_OBJC_MSGSEND = YES;
				ENABLE_TESTABILITY = YES;
				GCC_C_LANGUAGE_STANDARD = gnu11;
				GCC_DYNAMIC_NO_PIC = NO;
				GCC_NO_COMMON_BLOCKS = YES;
				GCC_OPTIMIZATION_LEVEL = 0;
				GCC_PREPROCESSOR_DEFINITIONS = (
					"DEBUG=1",
					"$(inherited)",
				);
				GCC_WARN_64_TO_32_BIT_CONVERSION = YES;
				GCC_WARN_ABOUT_RETURN_TYPE = YES_ERROR;
				GCC_WARN_UNDECLARED_SELECTOR = YES;
				GCC_WARN_UNINITIALIZED_AUTOS = YES_AGGRESSIVE;
				GCC_WARN_UNUSED_FUNCTION = YES;
				GCC_WARN_UNUSED_VARIABLE = YES;
				MTL_ENABLE_DEBUG_INFO = INCLUDE_SOURCE;
				MTL_FAST_MATH = YES;
				ONLY_ACTIVE_ARCH = YES;
				SWIFT_ACTIVE_COMPILATION_CONDITIONS = DEBUG;
				SWIFT_OPTIMIZATION_LEVEL = "-Onone";
			};
			name = Debug;
		};
		5051E5342656F7E00081E77F /* Release */ = {
			isa = XCBuildConfiguration;
			buildSettings = {
				ALWAYS_SEARCH_USER_PATHS = NO;
				CLANG_ANALYZER_NONNULL = YES;
				CLANG_ANALYZER_NUMBER_OBJECT_CONVERSION = YES_AGGRESSIVE;
				CLANG_CXX_LANGUAGE_STANDARD = "gnu++14";
				CLANG_CXX_LIBRARY = "libc++";
				CLANG_ENABLE_MODULES = YES;
				CLANG_ENABLE_OBJC_ARC = YES;
				CLANG_ENABLE_OBJC_WEAK = YES;
				CLANG_WARN_BLOCK_CAPTURE_AUTORELEASING = YES;
				CLANG_WARN_BOOL_CONVERSION = YES;
				CLANG_WARN_COMMA = YES;
				CLANG_WARN_CONSTANT_CONVERSION = YES;
				CLANG_WARN_DEPRECATED_OBJC_IMPLEMENTATIONS = YES;
				CLANG_WARN_DIRECT_OBJC_ISA_USAGE = YES_ERROR;
				CLANG_WARN_DOCUMENTATION_COMMENTS = YES;
				CLANG_WARN_EMPTY_BODY = YES;
				CLANG_WARN_ENUM_CONVERSION = YES;
				CLANG_WARN_INFINITE_RECURSION = YES;
				CLANG_WARN_INT_CONVERSION = YES;
				CLANG_WARN_NON_LITERAL_NULL_CONVERSION = YES;
				CLANG_WARN_OBJC_IMPLICIT_RETAIN_SELF = YES;
				CLANG_WARN_OBJC_LITERAL_CONVERSION = YES;
				CLANG_WARN_OBJC_ROOT_CLASS = YES_ERROR;
				CLANG_WARN_QUOTED_INCLUDE_IN_FRAMEWORK_HEADER = YES;
				CLANG_WARN_RANGE_LOOP_ANALYSIS = YES;
				CLANG_WARN_STRICT_PROTOTYPES = YES;
				CLANG_WARN_SUSPICIOUS_MOVE = YES;
				CLANG_WARN_UNGUARDED_AVAILABILITY = YES_AGGRESSIVE;
				CLANG_WARN_UNREACHABLE_CODE = YES;
				CLANG_WARN__DUPLICATE_METHOD_MATCH = YES;
				COPY_PHASE_STRIP = NO;
				DEBUG_INFORMATION_FORMAT = "dwarf-with-dsym";
				ENABLE_NS_ASSERTIONS = NO;
				ENABLE_STRICT_OBJC_MSGSEND = YES;
				GCC_C_LANGUAGE_STANDARD = gnu11;
				GCC_NO_COMMON_BLOCKS = YES;
				GCC_WARN_64_TO_32_BIT_CONVERSION = YES;
				GCC_WARN_ABOUT_RETURN_TYPE = YES_ERROR;
				GCC_WARN_UNDECLARED_SELECTOR = YES;
				GCC_WARN_UNINITIALIZED_AUTOS = YES_AGGRESSIVE;
				GCC_WARN_UNUSED_FUNCTION = YES;
				GCC_WARN_UNUSED_VARIABLE = YES;
				MTL_ENABLE_DEBUG_INFO = NO;
				MTL_FAST_MATH = YES;
				SWIFT_COMPILATION_MODE = wholemodule;
				SWIFT_OPTIMIZATION_LEVEL = "-O";
			};
			name = Release;
		};
		5051E5362656F7E00081E77F /* Debug */ = {
			isa = XCBuildConfiguration;
			buildSettings = {
				ASSETCATALOG_COMPILER_APPICON_NAME = AppIcon;
				ASSETCATALOG_COMPILER_GLOBAL_ACCENT_COLOR_NAME = AccentColor;
				CODE_SIGN_STYLE = Automatic;
				DEVELOPMENT_TEAM = 3FD587963T;
				ENABLE_PREVIEWS = YES;
				INFOPLIST_FILE = iOS/Info.plist;
				IPHONEOS_DEPLOYMENT_TARGET = 14.0;
				LD_RUNPATH_SEARCH_PATHS = (
					"$(inherited)",
					"@executable_path/Frameworks",
				);
				PRODUCT_BUNDLE_IDENTIFIER = "jakedaviesapps.Recipe-Builder";
				PRODUCT_NAME = "Recipe-Builder";
				SDKROOT = iphoneos;
				SWIFT_VERSION = 5.0;
				TARGETED_DEVICE_FAMILY = "1,2";
			};
			name = Debug;
		};
		5051E5372656F7E00081E77F /* Release */ = {
			isa = XCBuildConfiguration;
			buildSettings = {
				ASSETCATALOG_COMPILER_APPICON_NAME = AppIcon;
				ASSETCATALOG_COMPILER_GLOBAL_ACCENT_COLOR_NAME = AccentColor;
				CODE_SIGN_STYLE = Automatic;
				DEVELOPMENT_TEAM = 3FD587963T;
				ENABLE_PREVIEWS = YES;
				INFOPLIST_FILE = iOS/Info.plist;
				IPHONEOS_DEPLOYMENT_TARGET = 14.0;
				LD_RUNPATH_SEARCH_PATHS = (
					"$(inherited)",
					"@executable_path/Frameworks",
				);
				PRODUCT_BUNDLE_IDENTIFIER = "jakedaviesapps.Recipe-Builder";
				PRODUCT_NAME = "Recipe-Builder";
				SDKROOT = iphoneos;
				SWIFT_VERSION = 5.0;
				TARGETED_DEVICE_FAMILY = "1,2";
				VALIDATE_PRODUCT = YES;
			};
			name = Release;
		};
		5051E5392656F7E00081E77F /* Debug */ = {
			isa = XCBuildConfiguration;
			buildSettings = {
				ASSETCATALOG_COMPILER_APPICON_NAME = AppIcon;
				ASSETCATALOG_COMPILER_GLOBAL_ACCENT_COLOR_NAME = AccentColor;
				CODE_SIGN_ENTITLEMENTS = macOS/macOS.entitlements;
				CODE_SIGN_IDENTITY = "-";
				CODE_SIGN_STYLE = Automatic;
				COMBINE_HIDPI_IMAGES = YES;
				ENABLE_PREVIEWS = YES;
				INFOPLIST_FILE = macOS/Info.plist;
				LD_RUNPATH_SEARCH_PATHS = (
					"$(inherited)",
					"@executable_path/../Frameworks",
				);
				MACOSX_DEPLOYMENT_TARGET = 11.0;
				PRODUCT_BUNDLE_IDENTIFIER = "jakedaviesapps.Recipe-Builder";
				PRODUCT_NAME = "Recipe-Builder";
				SDKROOT = macosx;
				SWIFT_VERSION = 5.0;
			};
			name = Debug;
		};
		5051E53A2656F7E00081E77F /* Release */ = {
			isa = XCBuildConfiguration;
			buildSettings = {
				ASSETCATALOG_COMPILER_APPICON_NAME = AppIcon;
				ASSETCATALOG_COMPILER_GLOBAL_ACCENT_COLOR_NAME = AccentColor;
				CODE_SIGN_ENTITLEMENTS = macOS/macOS.entitlements;
				CODE_SIGN_IDENTITY = "-";
				CODE_SIGN_STYLE = Automatic;
				COMBINE_HIDPI_IMAGES = YES;
				ENABLE_PREVIEWS = YES;
				INFOPLIST_FILE = macOS/Info.plist;
				LD_RUNPATH_SEARCH_PATHS = (
					"$(inherited)",
					"@executable_path/../Frameworks",
				);
				MACOSX_DEPLOYMENT_TARGET = 11.0;
				PRODUCT_BUNDLE_IDENTIFIER = "jakedaviesapps.Recipe-Builder";
				PRODUCT_NAME = "Recipe-Builder";
				SDKROOT = macosx;
				SWIFT_VERSION = 5.0;
			};
			name = Release;
		};
/* End XCBuildConfiguration section */

/* Begin XCConfigurationList section */
		5051E5182656F7DE0081E77F /* Build configuration list for PBXProject "Recipe-Builder" */ = {
			isa = XCConfigurationList;
			buildConfigurations = (
				5051E5332656F7E00081E77F /* Debug */,
				5051E5342656F7E00081E77F /* Release */,
			);
			defaultConfigurationIsVisible = 0;
			defaultConfigurationName = Release;
		};
		5051E5352656F7E00081E77F /* Build configuration list for PBXNativeTarget "Recipe-Builder (iOS)" */ = {
			isa = XCConfigurationList;
			buildConfigurations = (
				5051E5362656F7E00081E77F /* Debug */,
				5051E5372656F7E00081E77F /* Release */,
			);
			defaultConfigurationIsVisible = 0;
			defaultConfigurationName = Release;
		};
		5051E5382656F7E00081E77F /* Build configuration list for PBXNativeTarget "Recipe-Builder (macOS)" */ = {
			isa = XCConfigurationList;
			buildConfigurations = (
				5051E5392656F7E00081E77F /* Debug */,
				5051E53A2656F7E00081E77F /* Release */,
			);
			defaultConfigurationIsVisible = 0;
			defaultConfigurationName = Release;
		};
/* End XCConfigurationList section */

/* Begin XCVersionGroup section */
		500933362683E40400C7D81B /* RecipeBuilderModel.xcdatamodeld */ = {
			isa = XCVersionGroup;
			children = (
				500933372683E40400C7D81B /* RecipeBuilderModel.xcdatamodel */,
			);
			currentVersion = 500933372683E40400C7D81B /* RecipeBuilderModel.xcdatamodel */;
			path = RecipeBuilderModel.xcdatamodeld;
			sourceTree = "<group>";
			versionGroupType = wrapper.xcdatamodel;
		};
/* End XCVersionGroup section */
	};
	rootObject = 5051E5152656F7DE0081E77F /* Project object */;
}
